<Solution>
  <Folder Name="/doc/" />
  <Folder Name="/src/">
    <Project Path="src/BlaisePascal.Esempio.Console/BlaisePascal.Esempio.UIConsole.csproj" Id="75c209c0-d234-4f76-9358-44b26c11a6c0" />
    <Project Path="src/BlaisePascal.Esempio.Domain/BlaisePascal.Esempio.Domain.csproj" />
  </Folder>
  <Folder Name="/test/">
    <Project Path="test/BlaisePascal.Esempio.Domain.Test/BlaisePascal.Esempio.Domain.Test.csproj" />
  </Folder>
</Solution>
